
Microsoft Visual Studio Solution File, Format Version 12.00
# Visual Studio Version 16
VisualStudioVersion = 16.0.31424.327
MinimumVisualStudioVersion = 10.0.40219.1
Project("{FAE04EC0-301F-11D3-BF4B-00C04F79EFBC}") = "Arkanoid", "Arkanoid.csproj", "{EBAAB35C-933E-4E13-90EB-9CD6F177E966}"
EndProject
Project("{54435603-DBB4-11D2-8724-00A0C9A8B90C}") = "ArkanoidSetup", "..\ArkanoidSetup\ArkanoidSetup.vdproj", "{FE286669-8E39-40AD-AECD-465C7566BBFA}"
EndProject
Global
	GlobalSection(SolutionConfigurationPlatforms) = preSolution
		Debug|Any CPU = Debug|Any CPU
		Release|Any CPU = Release|Any CPU
	EndGlobalSection
	GlobalSection(ProjectConfigurationPlatforms) = postSolution
		{EBAAB35C-933E-4E13-90EB-9CD6F177E966}.Debug|Any CPU.ActiveCfg = Debug|Any CPU
		{EBAAB35C-933E-4E13-90EB-9CD6F177E966}.Debug|Any CPU.Build.0 = Debug|Any CPU
		{EBAAB35C-933E-4E13-90EB-9CD6F177E966}.Release|Any CPU.ActiveCfg = Release|Any CPU
		{EBAAB35C-933E-4E13-90EB-9CD6F177E966}.Release|Any CPU.Build.0 = Release|Any CPU
		{FE286669-8E39-40AD-AECD-465C7566BBFA}.Debug|Any CPU.ActiveCfg = Debug
		{FE286669-8E39-40AD-AECD-465C7566BBFA}.Release|Any CPU.ActiveCfg = Release
	EndGlobalSection
	GlobalSection(SolutionProperties) = preSolution
		HideSolutionNode = FALSE
	EndGlobalSection
	GlobalSection(ExtensibilityGlobals) = postSolution
		SolutionGuid = {22D7A586-F1C4-4EA6-A2EC-D588DA725860}
	EndGlobalSection
EndGlobal
